
Microsoft Visual Studio Solution File, Format Version 12.00
# Visual Studio 15
VisualStudioVersion = 15.0.28307.421
MinimumVisualStudioVersion = 10.0.40219.1
Project("{FAE04EC0-301F-11D3-BF4B-00C04F79EFBC}") = "FinanceScraper_HTMLAgilityPack", "FinanceScraper_HTMLAgilityPack\FinanceScraper_HTMLAgilityPack.csproj", "{C536DBF3-0B1E-45DE-A4D1-198DEFF89358}"
EndProject
Global
	GlobalSection(SolutionConfigurationPlatforms) = preSolution
		Debug|Any CPU = Debug|Any CPU
		Release|Any CPU = Release|Any CPU
	EndGlobalSection
	GlobalSection(ProjectConfigurationPlatforms) = postSolution
		{C536DBF3-0B1E-45DE-A4D1-198DEFF89358}.Debug|Any CPU.ActiveCfg = Debug|Any CPU
		{C536DBF3-0B1E-45DE-A4D1-198DEFF89358}.Debug|Any CPU.Build.0 = Debug|Any CPU
		{C536DBF3-0B1E-45DE-A4D1-198DEFF89358}.Release|Any CPU.ActiveCfg = Release|Any CPU
		{C536DBF3-0B1E-45DE-A4D1-198DEFF89358}.Release|Any CPU.Build.0 = Release|Any CPU
	EndGlobalSection
	GlobalSection(SolutionProperties) = preSolution
		HideSolutionNode = FALSE
	EndGlobalSection
	GlobalSection(ExtensibilityGlobals) = postSolution
		SolutionGuid = {6CDC466A-DA79-473E-A750-03E0C170764F}
	EndGlobalSection
EndGlobal
